Microsoft Visual Studio Solution File, Format Version 12.00
# Visual Studio Version 17
VisualStudioVersion = 17.5.2.0
MinimumVisualStudioVersion = 10.0.40219.1
Project("{FAE04EC0-301F-11D3-BF4B-00C04F79EFBC}") = "lab-4-big-to-do-jazhands117", "lab-4-big-to-do-jazhands117.csproj", "{209EDFB1-446D-ECFA-0A2B-97671EA5B92B}"
EndProject
Global
	GlobalSection(SolutionConfigurationPlatforms) = preSolution
		Debug|Any CPU = Debug|Any CPU
		Release|Any CPU = Release|Any CPU
	EndGlobalSection
	GlobalSection(ProjectConfigurationPlatforms) = postSolution
		{209EDFB1-446D-ECFA-0A2B-97671EA5B92B}.Debug|Any CPU.ActiveCfg = Debug|Any CPU
		{209EDFB1-446D-ECFA-0A2B-97671EA5B92B}.Debug|Any CPU.Build.0 = Debug|Any CPU
		{209EDFB1-446D-ECFA-0A2B-97671EA5B92B}.Release|Any CPU.ActiveCfg = Release|Any CPU
		{209EDFB1-446D-ECFA-0A2B-97671EA5B92B}.Release|Any CPU.Build.0 = Release|Any CPU
	EndGlobalSection
	GlobalSection(SolutionProperties) = preSolution
		HideSolutionNode = FALSE
	EndGlobalSection
	GlobalSection(ExtensibilityGlobals) = postSolution
		SolutionGuid = {12D88398-83E0-4A7D-A361-6679DE31E266}
	EndGlobalSection
EndGlobal
